
Microsoft Visual Studio Solution File, Format Version 12.00
# Visual Studio Version 17
VisualStudioVersion = 17.5.002.0
MinimumVisualStudioVersion = 10.0.40219.1
Project("{2150E333-8FDC-42A3-9474-1A3956D46DE8}") = "backend", "backend", "{6701B38C-2D70-4142-8314-9ED2FE43B47E}"
EndProject
Project("{9A19103F-16F7-4668-BE54-9A1E7A4F7556}") = "api", "backend\api\api.csproj", "{8CB9B562-A6F8-4AA2-9EDF-8D2CDCF1775C}"
EndProject
Global
	GlobalSection(SolutionConfigurationPlatforms) = preSolution
		Debug|Any CPU = Debug|Any CPU
		Release|Any CPU = Release|Any CPU
	EndGlobalSection
	GlobalSection(ProjectConfigurationPlatforms) = postSolution
		{8CB9B562-A6F8-4AA2-9EDF-8D2CDCF1775C}.Debug|Any CPU.ActiveCfg = Debug|Any CPU
		{8CB9B562-A6F8-4AA2-9EDF-8D2CDCF1775C}.Debug|Any CPU.Build.0 = Debug|Any CPU
		{8CB9B562-A6F8-4AA2-9EDF-8D2CDCF1775C}.Release|Any CPU.ActiveCfg = Release|Any CPU
		{8CB9B562-A6F8-4AA2-9EDF-8D2CDCF1775C}.Release|Any CPU.Build.0 = Release|Any CPU
	EndGlobalSection
	GlobalSection(SolutionProperties) = preSolution
		HideSolutionNode = FALSE
	EndGlobalSection
	GlobalSection(NestedProjects) = preSolution
		{8CB9B562-A6F8-4AA2-9EDF-8D2CDCF1775C} = {6701B38C-2D70-4142-8314-9ED2FE43B47E}
	EndGlobalSection
	GlobalSection(ExtensibilityGlobals) = postSolution
		SolutionGuid = {34280911-F831-4C8B-81B5-7B1AD86924BF}
	EndGlobalSection
EndGlobal
